
Microsoft Visual Studio Solution File, Format Version 12.00
# Visual Studio Version 17
VisualStudioVersion = 17.8.34330.188
MinimumVisualStudioVersion = 10.0.40219.1
Project("{FAE04EC0-301F-11D3-BF4B-00C04F79EFBC}") = "ImagenAutoUniverse", "Pruba\ImagenAutoUniverse.csproj", "{028A23E7-0A5F-4D31-9F04-8BBF9B0D69C0}"
EndProject
Global
	GlobalSection(SolutionConfigurationPlatforms) = preSolution
		Debug|Any CPU = Debug|Any CPU
		Release|Any CPU = Release|Any CPU
	EndGlobalSection
	GlobalSection(ProjectConfigurationPlatforms) = postSolution
		{028A23E7-0A5F-4D31-9F04-8BBF9B0D69C0}.Debug|Any CPU.ActiveCfg = Debug|Any CPU
		{028A23E7-0A5F-4D31-9F04-8BBF9B0D69C0}.Debug|Any CPU.Build.0 = Debug|Any CPU
		{028A23E7-0A5F-4D31-9F04-8BBF9B0D69C0}.Release|Any CPU.ActiveCfg = Release|Any CPU
		{028A23E7-0A5F-4D31-9F04-8BBF9B0D69C0}.Release|Any CPU.Build.0 = Release|Any CPU
	EndGlobalSection
	GlobalSection(SolutionProperties) = preSolution
		HideSolutionNode = FALSE
	EndGlobalSection
	GlobalSection(ExtensibilityGlobals) = postSolution
		SolutionGuid = {F33672C8-CBD3-4AB1-AC55-4F244C3F0A86}
	EndGlobalSection
EndGlobal
